
Microsoft Visual Studio Solution File, Format Version 12.00
# Visual Studio Version 16
VisualStudioVersion = 16.0.29920.165
MinimumVisualStudioVersion = 10.0.40219.1
Project("{FAE04EC0-301F-11D3-BF4B-00C04F79EFBC}") = "TrackerLibrary", "TrackerLibrary\TrackerLibrary.csproj", "{1DE62C71-9ED6-49E2-B196-24A3E6972E15}"
EndProject
Global
	GlobalSection(SolutionConfigurationPlatforms) = preSolution
		Debug|Any CPU = Debug|Any CPU
		Release|Any CPU = Release|Any CPU
	EndGlobalSection
	GlobalSection(ProjectConfigurationPlatforms) = postSolution
		{1DE62C71-9ED6-49E2-B196-24A3E6972E15}.Debug|Any CPU.ActiveCfg = Debug|Any CPU
		{1DE62C71-9ED6-49E2-B196-24A3E6972E15}.Debug|Any CPU.Build.0 = Debug|Any CPU
		{1DE62C71-9ED6-49E2-B196-24A3E6972E15}.Release|Any CPU.ActiveCfg = Release|Any CPU
		{1DE62C71-9ED6-49E2-B196-24A3E6972E15}.Release|Any CPU.Build.0 = Release|Any CPU
	EndGlobalSection
	GlobalSection(SolutionProperties) = preSolution
		HideSolutionNode = FALSE
	EndGlobalSection
	GlobalSection(ExtensibilityGlobals) = postSolution
		SolutionGuid = {4A335F00-F273-4C70-AA19-FF78A5DF7E2C}
	EndGlobalSection
EndGlobal
